{
  "nodes": {
    "brew-src": {
      "flake": false,
      "locked": {
        "lastModified": 1787796349,
        "narHash": "sha256-5s+MJAFyemD6lvrtL2c0jQ7P/XChdx1MPXzoCaQY+ic=",
        "owner": "Homebrew",
        "repo": "brew",
        "rev": "3e3da86e4eaccd23f4ce43df9b0a31b16c707347",
        "type": "github"
      },
      "original": {
        "owner": "Homebrew",
        "ref": "6.0.20",
        "repo": "brew",
        "type": "github"
      }
    },
    "cirruslabs-cli": {
      "flake": false,
      "locked": {
        "lastModified": 1780337541,
        "narHash": "sha256-7KVWRKl+Wxn3sAqAKE8lnhOeElH+J01CITvjxHtDp5o=",
        "owner": "cirruslabs",
        "repo": "homebrew-cli",
        "rev": "4fef6a32df31b4c51bf745ae2d86b53a037a1a6c",
        "type": "github"
      },
      "original": {
        "owner": "cirruslabs",
        "repo": "homebrew-cli",
        "type": "github"
      }
    },
    "darwin": {
      "inputs": {
        "nixpkgs": [
          "nixpkgs"
        ]
      },
      "locked": {
        "lastModified": 1786845137,
        "narHash": "sha256-oQFip+v0luP8NIxJzmiW4Wu8bILsbFWom5l0zonl8hQ=",
        "owner": "lnl7",
        "repo": "nix-darwin",
        "rev": "4cff07de74b50e64bdd68cd4e722ab5b6b35ee48",
        "type": "github"
      },
      "original": {
        "owner": "lnl7",
        "repo": "nix-darwin",
        "type": "github"
      }
    },
    "home-manager": {
      "inputs": {
        "nixpkgs": [
          "nixpkgs"
        ]
      },
      "locked": {
        "lastModified": 1788651960,
        "narHash": "sha256-v9wJd32eZ2bvhBzVOd7TIjLQd011P7nwOhjKtWlci5I=",
        "owner": "nix-community",
        "repo": "home-manager",
        "rev": "2c0350c759688177331b8f5242311fae8877bdb3",
        "type": "github"
      },
      "original": {
        "owner": "nix-community",
        "repo": "home-manager",
        "type": "github"
      }
    },
    "homebrew-cask": {
      "flake": false,
      "locked": {
        "lastModified": 1788695763,
        "narHash": "sha256-YO9jCqOlYzGQdQ9UFixEgrS7x8cWtPnH4YrtOZSbQUI=",
        "owner": "homebrew",
        "repo": "homebrew-cask",
        "rev": "329cf1865dfff3ec7c8a79deecd492961c3dd369",
        "type": "github"
      },
      "original": {
        "owner": "homebrew",
        "repo": "homebrew-cask",
        "type": "github"
      }
    },
    "homebrew-core": {
      "flake": false,
      "locked": {
        "lastModified": 1788695520,
        "narHash": "sha256-chJ8M2r46djSepe0kpKMpJS3k25+sa7jQMC3/yNMhpk=",
        "owner": "homebrew",
        "repo": "homebrew-core",
        "rev": "264977c59357c4be61ad3d1887df769f8e1806fa",
        "type": "github"
      },
      "original": {
        "owner": "homebrew",
        "repo": "homebrew-core",
        "type": "github"
      }
    },
    "macos-fuse-t-cask": {
      "flake": false,
      "locked": {
        "lastModified": 1780488840,
        "narHash": "sha256-OOnbHdOhWeuxAPI65FKT7x0lqNBseBAyVv3KSMrdroc=",
        "owner": "macos-fuse-t",
        "repo": "homebrew-cask",
        "rev": "940387c1877e390d4cc4e3f5c6f23c82fa32c4b1",
        "type": "github"
      },
      "original": {
        "owner": "macos-fuse-t",
        "repo": "homebrew-cask",
        "type": "github"
      }
    },
    "nix-homebrew": {
      "inputs": {
        "brew-src": "brew-src"
      },
      "locked": {
        "lastModified": 1788444135,
        "narHash": "sha256-ChwTDZPvTmEgZdS30dUfgdXlzAPtZAUWwEH/PfDXZmg=",
        "owner": "zhaofengli",
        "repo": "nix-homebrew",
        "rev": "ec8417a617de4d3c739aed40837e308ebd667165",
        "type": "github"
      },
      "original": {
        "owner": "zhaofengli",
        "repo": "nix-homebrew",
        "type": "github"
      }
    },
    "nix-vscode-extensions": {
      "inputs": {
        "nixpkgs": [
          "nixpkgs"
        ]
      },
      "locked": {
        "lastModified": 1788667258,
        "narHash": "sha256-jG/2WyvvMluKcDXFofsNkTkAQcKTF2eo8tBCQSAwGHY=",
        "owner": "nix-community",
        "repo": "nix-vscode-extensions",
        "rev": "ce9c6c4fd4c31a88dec890aef858a0d6d632efcd",
        "type": "github"
      },
      "original": {
        "owner": "nix-community",
        "repo": "nix-vscode-extensions",
        "type": "github"
      }
    },
    "nixlib": {
      "locked": {
        "lastModified": 1736643958,
        "narHash": "sha256-tmpqTSWVRJVhpvfSN9KXBvKEXplrwKnSZNAoNPf/S/s=",
        "owner": "nix-community",
        "repo": "nixpkgs.lib",
        "rev": "1418bc28a52126761c02dd3d89b2d8ca0f521181",
        "type": "github"
      },
      "original": {
        "owner": "nix-community",
        "repo": "nixpkgs.lib",
        "type": "github"
      }
    },
    "nixos-generators": {
      "inputs": {
        "nixlib": "nixlib",
        "nixpkgs": [
          "nixpkgs"
        ]
      },
      "locked": {
        "lastModified": 1769813415,
        "narHash": "sha256-nnVmNNKBi1YiBNPhKclNYDORoHkuKipoz7EtVnXO50A=",
        "owner": "nix-community",
        "repo": "nixos-generators",
        "rev": "8946737ff703382fda7623b9fab071d037e897d5",
        "type": "github"
      },
      "original": {
        "owner": "nix-community",
        "repo": "nixos-generators",
        "type": "github"
      }
    },
    "nixpkgs": {
      "locked": {
        "lastModified": 1788614874,
        "narHash": "sha256-7QYjT2vHLuX9Z1pdxHXDKCbh1CR3D/2rywB9Tx0MPRg=",
        "owner": "nixos",
        "repo": "nixpkgs",
        "rev": "c043004d1c6985732bcc1cbc5a9c9aecbbb4e0f0",
        "type": "github"
      },
      "original": {
        "owner": "nixos",
        "ref": "nixos-unstable",
        "repo": "nixpkgs",
        "type": "github"
      }
    },
    "root": {
      "inputs": {
        "cirruslabs-cli": "cirruslabs-cli",
        "darwin": "darwin",
        "home-manager": "home-manager",
        "homebrew-cask": "homebrew-cask",
        "homebrew-core": "homebrew-core",
        "macos-fuse-t-cask": "macos-fuse-t-cask",
        "nix-homebrew": "nix-homebrew",
        "nix-vscode-extensions": "nix-vscode-extensions",
        "nixos-generators": "nixos-generators",
        "nixpkgs": "nixpkgs",
        "rust-overlay": "rust-overlay",
        "smudge-smudge": "smudge-smudge",
        "sops-nix": "sops-nix",
        "treefmt-nix": "treefmt-nix",
        "zackelia-formulae": "zackelia-formulae"
      }
    },
    "rust-overlay": {
      "inputs": {
        "nixpkgs": [
          "nixpkgs"
        ]
      },
      "locked": {
        "lastModified": 1788678114,
        "narHash": "sha256-pcqbpV4ZI79al6KAlr+WJjaEo/PYfgctRlG43D5BSJM=",
        "owner": "oxalica",
        "repo": "rust-overlay",
        "rev": "4748ec2f5ed4a881474ed4c98aa71a5308cdac8d",
        "type": "github"
      },
      "original": {
        "owner": "oxalica",
        "repo": "rust-overlay",
        "type": "github"
      }
    },
    "smudge-smudge": {
      "flake": false,
      "locked": {
        "lastModified": 1752514446,
        "narHash": "sha256-MIBc4A+F+yCa1nAiPpWqnzXS8ri/X8R+dsAtqN35jss=",
        "owner": "smudge",
        "repo": "homebrew-smudge",
        "rev": "a8a2008362f59d88b31c8ae2e30f98b1ae6437b5",
        "type": "github"
      },
      "original": {
        "owner": "smudge",
        "repo": "homebrew-smudge",
        "type": "github"
      }
    },
    "sops-nix": {
      "inputs": {
        "nixpkgs": [
          "nixpkgs"
        ]
      },
      "locked": {
        "lastModified": 1788337237,
        "narHash": "sha256-gkSH8VUtCo6hnysNmb9DbTuDepH2t5pv+QWjP75xKAk=",
        "owner": "Mic92",
        "repo": "sops-nix",
        "rev": "fbf759290e0cb0a98dfc813a4eb7d53ad1dacb57",
        "type": "github"
      },
      "original": {
        "owner": "Mic92",
        "repo": "sops-nix",
        "type": "github"
      }
    },
    "treefmt-nix": {
      "inputs": {
        "nixpkgs": [
          "nixpkgs"
        ]
      },
      "locked": {
        "lastModified": 1786901030,
        "narHash": "sha256-WSFCsDSE5ffgD2MqzkM2CYjeFiKhRF/dJUN8uedb6YE=",
        "owner": "numtide",
        "repo": "treefmt-nix",
        "rev": "27b3b12a8e6375f28ebe122f07d230ca5459bbfa",
        "type": "github"
      },
      "original": {
        "owner": "numtide",
        "repo": "treefmt-nix",
        "type": "github"
      }
    },
    "zackelia-formulae": {
      "flake": false,
      "locked": {
        "lastModified": 1700431196,
        "narHash": "sha256-O/qwaci/TWSlJaze3GDgLMygH9Fju6t6dajVW1kse4o=",
        "owner": "zackelia",
        "repo": "homebrew-formulae",
        "rev": "d20606bc22be379349616c26e8dd48cb98de30ed",
        "type": "github"
      },
      "original": {
        "owner": "zackelia",
        "repo": "homebrew-formulae",
        "type": "github"
      }
    }
  },
  "root": "root",
  "version": 7
}
